// !$*UTF8*$!
{
	archiveVersion = 1;
	classes = {
	};
	objectVersion = 46;
	objects = {

/* Begin PBXBuildFile section */
		4686D7E61CC8DAE7001EC1A5 /* AppDelegate.swift in Sources */ = {isa = PBXBuildFile; fileRef = 4686D7E51CC8DAE7001EC1A5 /* AppDelegate.swift */; };
		4686D7FB1CC8DAE8001EC1A5 /* HomeSourceTests.swift in Sources */ = {isa = PBXBuildFile; fileRef = 4686D7FA1CC8DAE8001EC1A5 /* HomeSourceTests.swift */; };
		4686D8061CC8DAE8001EC1A5 /* HomeSourceUITests.swift in Sources */ = {isa = PBXBuildFile; fileRef = 4686D8051CC8DAE8001EC1A5 /* HomeSourceUITests.swift */; };
		4686D81B1CC8E500001EC1A5 /* Assets.xcassets in Resources */ = {isa = PBXBuildFile; fileRef = 4686D8191CC8E500001EC1A5 /* Assets.xcassets */; };
		4686D81C1CC8E500001EC1A5 /* LaunchScreen.storyboard in Resources */ = {isa = PBXBuildFile; fileRef = 4686D81A1CC8E500001EC1A5 /* LaunchScreen.storyboard */; };
		4686D8221CC8E513001EC1A5 /* Main.storyboard in Resources */ = {isa = PBXBuildFile; fileRef = 4686D8201CC8E513001EC1A5 /* Main.storyboard */; };
		4686D8251CC8E581001EC1A5 /* DiscoverViewController.swift in Sources */ = {isa = PBXBuildFile; fileRef = 4686D8241CC8E581001EC1A5 /* DiscoverViewController.swift */; };
		4686D8271CC8E597001EC1A5 /* CampainDetailsViewController.swift in Sources */ = {isa = PBXBuildFile; fileRef = 4686D8261CC8E597001EC1A5 /* CampainDetailsViewController.swift */; };
		4686D8291CC8E619001EC1A5 /* SignInViewController.swift in Sources */ = {isa = PBXBuildFile; fileRef = 4686D8281CC8E619001EC1A5 /* SignInViewController.swift */; };
		4686D82B1CC8E630001EC1A5 /* PledgeDetailsViewController.swift in Sources */ = {isa = PBXBuildFile; fileRef = 4686D82A1CC8E630001EC1A5 /* PledgeDetailsViewController.swift */; };
		4686D82D1CC8E6F6001EC1A5 /* ProfileViewController.swift in Sources */ = {isa = PBXBuildFile; fileRef = 4686D82C1CC8E6F6001EC1A5 /* ProfileViewController.swift */; };
		4686D82F1CC8E715001EC1A5 /* OnboardingViewController.swift in Sources */ = {isa = PBXBuildFile; fileRef = 4686D82E1CC8E715001EC1A5 /* OnboardingViewController.swift */; };
		4686D8311CC8EB96001EC1A5 /* AuthenticatedNavigationController.swift in Sources */ = {isa = PBXBuildFile; fileRef = 4686D8301CC8EB96001EC1A5 /* AuthenticatedNavigationController.swift */; };
/* End PBXBuildFile section */

/* Begin PBXContainerItemProxy section */
		4686D7F71CC8DAE8001EC1A5 /* PBXContainerItemProxy */ = {
			isa = PBXContainerItemProxy;
			containerPortal = 4686D7DA1CC8DAE7001EC1A5 /* Project object */;
			proxyType = 1;
			remoteGlobalIDString = 4686D7E11CC8DAE7001EC1A5;
			remoteInfo = HomeSource;
		};
		4686D8021CC8DAE8001EC1A5 /* PBXContainerItemProxy */ = {
			isa = PBXContainerItemProxy;
			containerPortal = 4686D7DA1CC8DAE7001EC1A5 /* Project object */;
			proxyType = 1;
			remoteGlobalIDString = 4686D7E11CC8DAE7001EC1A5;
			remoteInfo = HomeSource;
		};
/* End PBXContainerItemProxy section */

/* Begin PBXFileReference section */
		4686D7E21CC8DAE7001EC1A5 /* HomeSource.app */ = {isa = PBXFileReference; explicitFileType = wrapper.application; includeInIndex = 0; path = HomeSource.app; sourceTree = BUILT_PRODUCTS_DIR; };
		4686D7E51CC8DAE7001EC1A5 /* AppDelegate.swift */ = {isa = PBXFileReference; lastKnownFileType = sourcecode.swift; path = AppDelegate.swift; sourceTree = "<group>"; };
		4686D7F11CC8DAE7001EC1A5 /* Info.plist */ = {isa = PBXFileReference; lastKnownFileType = text.plist.xml; name = Info.plist; path = ../Info.plist; sourceTree = "<group>"; };
		4686D7F61CC8DAE8001EC1A5 /* HomeSourceTests.xctest */ = {isa = PBXFileReference; explicitFileType = wrapper.cfbundle; includeInIndex = 0; path = HomeSourceTests.xctest; sourceTree = BUILT_PRODUCTS_DIR; };
		4686D7FA1CC8DAE8001EC1A5 /* HomeSourceTests.swift */ = {isa = PBXFileReference; lastKnownFileType = sourcecode.swift; path = HomeSourceTests.swift; sourceTree = "<group>"; };
		4686D7FC1CC8DAE8001EC1A5 /* Info.plist */ = {isa = PBXFileReference; lastKnownFileType = text.plist.xml; path = Info.plist; sourceTree = "<group>"; };
		4686D8011CC8DAE8001EC1A5 /* HomeSourceUITests.xctest */ = {isa = PBXFileReference; explicitFileType = wrapper.cfbundle; includeInIndex = 0; path = HomeSourceUITests.xctest; sourceTree = BUILT_PRODUCTS_DIR; };
		4686D8051CC8DAE8001EC1A5 /* HomeSourceUITests.swift */ = {isa = PBXFileReference; lastKnownFileType = sourcecode.swift; path = HomeSourceUITests.swift; sourceTree = "<group>"; };
		4686D8071CC8DAE8001EC1A5 /* Info.plist */ = {isa = PBXFileReference; lastKnownFileType = text.plist.xml; path = Info.plist; sourceTree = "<group>"; };
		4686D8191CC8E500001EC1A5 /* Assets.xcassets */ = {isa = PBXFileReference; lastKnownFileType = folder.assetcatalog; path = Assets.xcassets; sourceTree = "<group>"; };
		4686D81A1CC8E500001EC1A5 /* LaunchScreen.storyboard */ = {isa = PBXFileReference; fileEncoding = 4; lastKnownFileType = file.storyboard; path = LaunchScreen.storyboard; sourceTree = "<group>"; };
		4686D8201CC8E513001EC1A5 /* Main.storyboard */ = {isa = PBXFileReference; fileEncoding = 4; lastKnownFileType = file.storyboard; path = Main.storyboard; sourceTree = "<group>"; };
		4686D8241CC8E581001EC1A5 /* DiscoverViewController.swift */ = {isa = PBXFileReference; fileEncoding = 4; lastKnownFileType = sourcecode.swift; path = DiscoverViewController.swift; sourceTree = "<group>"; };
		4686D8261CC8E597001EC1A5 /* CampainDetailsViewController.swift */ = {isa = PBXFileReference; fileEncoding = 4; lastKnownFileType = sourcecode.swift; path = CampainDetailsViewController.swift; sourceTree = "<group>"; };
		4686D8281CC8E619001EC1A5 /* SignInViewController.swift */ = {isa = PBXFileReference; fileEncoding = 4; lastKnownFileType = sourcecode.swift; path = SignInViewController.swift; sourceTree = "<group>"; };
		4686D82A1CC8E630001EC1A5 /* PledgeDetailsViewController.swift */ = {isa = PBXFileReference; fileEncoding = 4; lastKnownFileType = sourcecode.swift; path = PledgeDetailsViewController.swift; sourceTree = "<group>"; };
		4686D82C1CC8E6F6001EC1A5 /* ProfileViewController.swift */ = {isa = PBXFileReference; fileEncoding = 4; lastKnownFileType = sourcecode.swift; path = ProfileViewController.swift; sourceTree = "<group>"; };
		4686D82E1CC8E715001EC1A5 /* OnboardingViewController.swift */ = {isa = PBXFileReference; fileEncoding = 4; lastKnownFileType = sourcecode.swift; path = OnboardingViewController.swift; sourceTree = "<group>"; };
		4686D8301CC8EB96001EC1A5 /* AuthenticatedNavigationController.swift */ = {isa = PBXFileReference; fileEncoding = 4; lastKnownFileType = sourcecode.swift; path = AuthenticatedNavigationController.swift; sourceTree = "<group>"; };
/* End PBXFileReference section */

/* Begin PBXFrameworksBuildPhase section */
		4686D7DF1CC8DAE7001EC1A5 /* Frameworks */ = {
			isa = PBXFrameworksBuildPhase;
			buildActionMask = 2147483647;
			files = (
			);
			runOnlyForDeploymentPostprocessing = 0;
		};
		4686D7F31CC8DAE8001EC1A5 /* Frameworks */ = {
			isa = PBXFrameworksBuildPhase;
			buildActionMask = 2147483647;
			files = (
			);
			runOnlyForDeploymentPostprocessing = 0;
		};
		4686D7FE1CC8DAE8001EC1A5 /* Frameworks */ = {
			isa = PBXFrameworksBuildPhase;
			buildActionMask = 2147483647;
			files = (
			);
			runOnlyForDeploymentPostprocessing = 0;
		};
/* End PBXFrameworksBuildPhase section */

/* Begin PBXGroup section */
		4686D7D91CC8DAE7001EC1A5 = {
			isa = PBXGroup;
			children = (
				4686D7E41CC8DAE7001EC1A5 /* HomeSource */,
				4686D7F91CC8DAE8001EC1A5 /* HomeSourceTests */,
				4686D8041CC8DAE8001EC1A5 /* HomeSourceUITests */,
				4686D7E31CC8DAE7001EC1A5 /* Products */,
			);
			sourceTree = "<group>";
		};
		4686D7E31CC8DAE7001EC1A5 /* Products */ = {
			isa = PBXGroup;
			children = (
				4686D7E21CC8DAE7001EC1A5 /* HomeSource.app */,
				4686D7F61CC8DAE8001EC1A5 /* HomeSourceTests.xctest */,
				4686D8011CC8DAE8001EC1A5 /* HomeSourceUITests.xctest */,
			);
			name = Products;
			sourceTree = "<group>";
		};
		4686D7E41CC8DAE7001EC1A5 /* HomeSource */ = {
			isa = PBXGroup;
			children = (
				4686D7E51CC8DAE7001EC1A5 /* AppDelegate.swift */,
				4686D81D1CC8E513001EC1A5 /* UI */,
				4686D8181CC8E500001EC1A5 /* Resources */,
			);
			path = HomeSource;
			sourceTree = "<group>";
		};
		4686D7F91CC8DAE8001EC1A5 /* HomeSourceTests */ = {
			isa = PBXGroup;
			children = (
				4686D7FA1CC8DAE8001EC1A5 /* HomeSourceTests.swift */,
				4686D7FC1CC8DAE8001EC1A5 /* Info.plist */,
			);
			path = HomeSourceTests;
			sourceTree = "<group>";
		};
		4686D8041CC8DAE8001EC1A5 /* HomeSourceUITests */ = {
			isa = PBXGroup;
			children = (
				4686D8051CC8DAE8001EC1A5 /* HomeSourceUITests.swift */,
				4686D8071CC8DAE8001EC1A5 /* Info.plist */,
			);
			path = HomeSourceUITests;
			sourceTree = "<group>";
		};
		4686D8181CC8E500001EC1A5 /* Resources */ = {
			isa = PBXGroup;
			children = (
				4686D7F11CC8DAE7001EC1A5 /* Info.plist */,
				4686D8191CC8E500001EC1A5 /* Assets.xcassets */,
				4686D81A1CC8E500001EC1A5 /* LaunchScreen.storyboard */,
			);
			path = Resources;
			sourceTree = "<group>";
		};
		4686D81D1CC8E513001EC1A5 /* UI */ = {
			isa = PBXGroup;
			children = (
				4686D81E1CC8E513001EC1A5 /* Components */,
				4686D81F1CC8E513001EC1A5 /* Screens */,
				4686D8321CC90076001EC1A5 /* Utilities */,
			);
			path = UI;
			sourceTree = "<group>";
		};
		4686D81E1CC8E513001EC1A5 /* Components */ = {
			isa = PBXGroup;
			children = (
			);
			path = Components;
			sourceTree = "<group>";
		};
		4686D81F1CC8E513001EC1A5 /* Screens */ = {
			isa = PBXGroup;
			children = (
				4686D8201CC8E513001EC1A5 /* Main.storyboard */,
				4686D8281CC8E619001EC1A5 /* SignInViewController.swift */,
				4686D8241CC8E581001EC1A5 /* DiscoverViewController.swift */,
				4686D8261CC8E597001EC1A5 /* CampainDetailsViewController.swift */,
				4686D82A1CC8E630001EC1A5 /* PledgeDetailsViewController.swift */,
				4686D82C1CC8E6F6001EC1A5 /* ProfileViewController.swift */,
				4686D82E1CC8E715001EC1A5 /* OnboardingViewController.swift */,
				4686D8301CC8EB96001EC1A5 /* AuthenticatedNavigationController.swift */,
			);
			path = Screens;
			sourceTree = "<group>";
		};
		4686D8321CC90076001EC1A5 /* Utilities */ = {
			isa = PBXGroup;
			children = (
			);
			path = Utilities;
			sourceTree = "<group>";
		};
/* End PBXGroup section */

/* Begin PBXNativeTarget section */
		4686D7E11CC8DAE7001EC1A5 /* HomeSource */ = {
			isa = PBXNativeTarget;
			buildConfigurationList = 4686D80A1CC8DAE8001EC1A5 /* Build configuration list for PBXNativeTarget "HomeSource" */;
			buildPhases = (
				4686D7DE1CC8DAE7001EC1A5 /* Sources */,
				4686D7DF1CC8DAE7001EC1A5 /* Frameworks */,
				4686D7E01CC8DAE7001EC1A5 /* Resources */,
			);
			buildRules = (
			);
			dependencies = (
			);
			name = HomeSource;
			productName = HomeSource;
			productReference = 4686D7E21CC8DAE7001EC1A5 /* HomeSource.app */;
			productType = "com.apple.product-type.application";
		};
		4686D7F51CC8DAE8001EC1A5 /* HomeSourceTests */ = {
			isa = PBXNativeTarget;
			buildConfigurationList = 4686D80D1CC8DAE8001EC1A5 /* Build configuration list for PBXNativeTarget "HomeSourceTests" */;
			buildPhases = (
				4686D7F21CC8DAE8001EC1A5 /* Sources */,
				4686D7F31CC8DAE8001EC1A5 /* Frameworks */,
				4686D7F41CC8DAE8001EC1A5 /* Resources */,
			);
			buildRules = (
			);
			dependencies = (
				4686D7F81CC8DAE8001EC1A5 /* PBXTargetDependency */,
			);
			name = HomeSourceTests;
			productName = HomeSourceTests;
			productReference = 4686D7F61CC8DAE8001EC1A5 /* HomeSourceTests.xctest */;
			productType = "com.apple.product-type.bundle.unit-test";
		};
		4686D8001CC8DAE8001EC1A5 /* HomeSourceUITests */ = {
			isa = PBXNativeTarget;
			buildConfigurationList = 4686D8101CC8DAE8001EC1A5 /* Build configuration list for PBXNativeTarget "HomeSourceUITests" */;
			buildPhases = (
				4686D7FD1CC8DAE8001EC1A5 /* Sources */,
				4686D7FE1CC8DAE8001EC1A5 /* Frameworks */,
				4686D7FF1CC8DAE8001EC1A5 /* Resources */,
			);
			buildRules = (
			);
			dependencies = (
				4686D8031CC8DAE8001EC1A5 /* PBXTargetDependency */,
			);
			name = HomeSourceUITests;
			productName = HomeSourceUITests;
			productReference = 4686D8011CC8DAE8001EC1A5 /* HomeSourceUITests.xctest */;
			productType = "com.apple.product-type.bundle.ui-testing";
		};
/* End PBXNativeTarget section */

/* Begin PBXProject section */
		4686D7DA1CC8DAE7001EC1A5 /* Project object */ = {
			isa = PBXProject;
			attributes = {
				LastSwiftUpdateCheck = 0730;
				LastUpgradeCheck = 0730;
				ORGANIZATIONNAME = Apadmi;
				TargetAttributes = {
					4686D7E11CC8DAE7001EC1A5 = {
						CreatedOnToolsVersion = 7.3;
					};
					4686D7F51CC8DAE8001EC1A5 = {
						CreatedOnToolsVersion = 7.3;
						TestTargetID = 4686D7E11CC8DAE7001EC1A5;
					};
					4686D8001CC8DAE8001EC1A5 = {
						CreatedOnToolsVersion = 7.3;
						TestTargetID = 4686D7E11CC8DAE7001EC1A5;
					};
				};
			};
			buildConfigurationList = 4686D7DD1CC8DAE7001EC1A5 /* Build configuration list for PBXProject "HomeSource" */;
			compatibilityVersion = "Xcode 3.2";
			developmentRegion = English;
			hasScannedForEncodings = 0;
			knownRegions = (
				en,
				Base,
			);
			mainGroup = 4686D7D91CC8DAE7001EC1A5;
			productRefGroup = 4686D7E31CC8DAE7001EC1A5 /* Products */;
			projectDirPath = "";
			projectRoot = "";
			targets = (
				4686D7E11CC8DAE7001EC1A5 /* HomeSource */,
				4686D7F51CC8DAE8001EC1A5 /* HomeSourceTests */,
				4686D8001CC8DAE8001EC1A5 /* HomeSourceUITests */,
			);
		};
/* End PBXProject section */

/* Begin PBXResourcesBuildPhase section */
		4686D7E01CC8DAE7001EC1A5 /* Resources */ = {
			isa = PBXResourcesBuildPhase;
			buildActionMask = 2147483647;
			files = (
				4686D8221CC8E513001EC1A5 /* Main.storyboard in Resources */,
				4686D81C1CC8E500001EC1A5 /* LaunchScreen.storyboard in Resources */,
				4686D81B1CC8E500001EC1A5 /* Assets.xcassets in Resources */,
			);
			runOnlyForDeploymentPostprocessing = 0;
		};
		4686D7F41CC8DAE8001EC1A5 /* Resources */ = {
			isa = PBXResourcesBuildPhase;
			buildActionMask = 2147483647;
			files = (
			);
			runOnlyForDeploymentPostprocessing = 0;
		};
		4686D7FF1CC8DAE8001EC1A5 /* Resources */ = {
			isa = PBXResourcesBuildPhase;
			buildActionMask = 2147483647;
			files = (
			);
			runOnlyForDeploymentPostprocessing = 0;
		};
/* End PBXResourcesBuildPhase section */

/* Begin PBXSourcesBuildPhase section */
		4686D7DE1CC8DAE7001EC1A5 /* Sources */ = {
			isa = PBXSourcesBuildPhase;
			buildActionMask = 2147483647;
			files = (
				4686D8251CC8E581001EC1A5 /* DiscoverViewController.swift in Sources */,
				4686D82B1CC8E630001EC1A5 /* PledgeDetailsViewController.swift in Sources */,
				4686D82F1CC8E715001EC1A5 /* OnboardingViewController.swift in Sources */,
				4686D8311CC8EB96001EC1A5 /* AuthenticatedNavigationController.swift in Sources */,
				4686D7E61CC8DAE7001EC1A5 /* AppDelegate.swift in Sources */,
				4686D82D1CC8E6F6001EC1A5 /* ProfileViewController.swift in Sources */,
				4686D8291CC8E619001EC1A5 /* SignInViewController.swift in Sources */,
				4686D8271CC8E597001EC1A5 /* CampainDetailsViewController.swift in Sources */,
			);
			runOnlyForDeploymentPostprocessing = 0;
		};
		4686D7F21CC8DAE8001EC1A5 /* Sources */ = {
			isa = PBXSourcesBuildPhase;
			buildActionMask = 2147483647;
			files = (
				4686D7FB1CC8DAE8001EC1A5 /* HomeSourceTests.swift in Sources */,
			);
			runOnlyForDeploymentPostprocessing = 0;
		};
		4686D7FD1CC8DAE8001EC1A5 /* Sources */ = {
			isa = PBXSourcesBuildPhase;
			buildActionMask = 2147483647;
			files = (
				4686D8061CC8DAE8001EC1A5 /* HomeSourceUITests.swift in Sources */,
			);
			runOnlyForDeploymentPostprocessing = 0;
		};
/* End PBXSourcesBuildPhase section */

/* Begin PBXTargetDependency section */
		4686D7F81CC8DAE8001EC1A5 /* PBXTargetDependency */ = {
			isa = PBXTargetDependency;
			target = 4686D7E11CC8DAE7001EC1A5 /* HomeSource */;
			targetProxy = 4686D7F71CC8DAE8001EC1A5 /* PBXContainerItemProxy */;
		};
		4686D8031CC8DAE8001EC1A5 /* PBXTargetDependency */ = {
			isa = PBXTargetDependency;
			target = 4686D7E11CC8DAE7001EC1A5 /* HomeSource */;
			targetProxy = 4686D8021CC8DAE8001EC1A5 /* PBXContainerItemProxy */;
		};
/* End PBXTargetDependency section */

/* Begin XCBuildConfiguration section */
		4686D8081CC8DAE8001EC1A5 /* Debug */ = {
			isa = XCBuildConfiguration;
			buildSettings = {
				ALWAYS_SEARCH_USER_PATHS = NO;
				CLANG_ANALYZER_NONNULL = YES;
				CLANG_CXX_LANGUAGE_STANDARD = "gnu++0x";
				CLANG_CXX_LIBRARY = "libc++";
				CLANG_ENABLE_MODULES = YES;
				CLANG_ENABLE_OBJC_ARC = YES;
				CLANG_WARN_BOOL_CONVERSION = YES;
				CLANG_WARN_CONSTANT_CONVERSION = YES;
				CLANG_WARN_DIRECT_OBJC_ISA_USAGE = YES_ERROR;
				CLANG_WARN_EMPTY_BODY = YES;
				CLANG_WARN_ENUM_CONVERSION = YES;
				CLANG_WARN_INT_CONVERSION = YES;
				CLANG_WARN_OBJC_ROOT_CLASS = YES_ERROR;
				CLANG_WARN_UNREACHABLE_CODE = YES;
				CLANG_WARN__DUPLICATE_METHOD_MATCH = YES;
				"CODE_SIGN_IDENTITY[sdk=iphoneos*]" = "iPhone Developer";
				COPY_PHASE_STRIP = NO;
				DEBUG_INFORMATION_FORMAT = dwarf;
				ENABLE_STRICT_OBJC_MSGSEND = YES;
				ENABLE_TESTABILITY = YES;
				GCC_C_LANGUAGE_STANDARD = gnu99;
				GCC_DYNAMIC_NO_PIC = NO;
				GCC_NO_COMMON_BLOCKS = YES;
				GCC_OPTIMIZATION_LEVEL = 0;
				GCC_PREPROCESSOR_DEFINITIONS = (
					"DEBUG=1",
					"$(inherited)",
				);
				GCC_WARN_64_TO_32_BIT_CONVERSION = YES;
				GCC_WARN_ABOUT_RETURN_TYPE = YES_ERROR;
				GCC_WARN_UNDECLARED_SELECTOR = YES;
				GCC_WARN_UNINITIALIZED_AUTOS = YES_AGGRESSIVE;
				GCC_WARN_UNUSED_FUNCTION = YES;
				GCC_WARN_UNUSED_VARIABLE = YES;
				IPHONEOS_DEPLOYMENT_TARGET = 9.3;
				MTL_ENABLE_DEBUG_INFO = YES;
				ONLY_ACTIVE_ARCH = YES;
				SDKROOT = iphoneos;
				SWIFT_OPTIMIZATION_LEVEL = "-Onone";
			};
			name = Debug;
		};
		4686D8091CC8DAE8001EC1A5 /* Release */ = {
			isa = XCBuildConfiguration;
			buildSettings = {
				ALWAYS_SEARCH_USER_PATHS = NO;
				CLANG_ANALYZER_NONNULL = YES;
				CLANG_CXX_LANGUAGE_STANDARD = "gnu++0x";
				CLANG_CXX_LIBRARY = "libc++";
				CLANG_ENABLE_MODULES = YES;
				CLANG_ENABLE_OBJC_ARC = YES;
				CLANG_WARN_BOOL_CONVERSION = YES;
				CLANG_WARN_CONSTANT_CONVERSION = YES;
				CLANG_WARN_DIRECT_OBJC_ISA_USAGE = YES_ERROR;
				CLANG_WARN_EMPTY_BODY = YES;
				CLANG_WARN_ENUM_CONVERSION = YES;
				CLANG_WARN_INT_CONVERSION = YES;
				CLANG_WARN_OBJC_ROOT_CLASS = YES_ERROR;
				CLANG_WARN_UNREACHABLE_CODE = YES;
				CLANG_WARN__DUPLICATE_METHOD_MATCH = YES;
				"CODE_SIGN_IDENTITY[sdk=iphoneos*]" = "iPhone Developer";
				COPY_PHASE_STRIP = NO;
				DEBUG_INFORMATION_FORMAT = "dwarf-with-dsym";
				ENABLE_NS_ASSERTIONS = NO;
				ENABLE_STRICT_OBJC_MSGSEND = YES;
				GCC_C_LANGUAGE_STANDARD = gnu99;
				GCC_NO_COMMON_BLOCKS = YES;
				GCC_WARN_64_TO_32_BIT_CONVERSION = YES;
				GCC_WARN_ABOUT_RETURN_TYPE = YES_ERROR;
				GCC_WARN_UNDECLARED_SELECTOR = YES;
				GCC_WARN_UNINITIALIZED_AUTOS = YES_AGGRESSIVE;
				GCC_WARN_UNUSED_FUNCTION = YES;
				GCC_WARN_UNUSED_VARIABLE = YES;
				IPHONEOS_DEPLOYMENT_TARGET = 9.3;
				MTL_ENABLE_DEBUG_INFO = NO;
				SDKROOT = iphoneos;
				VALIDATE_PRODUCT = YES;
			};
			name = Release;
		};
		4686D80B1CC8DAE8001EC1A5 /* Debug */ = {
			isa = XCBuildConfiguration;
			buildSettings = {
				ASSETCATALOG_COMPILER_APPICON_NAME = AppIcon;
				INFOPLIST_FILE = HomeSource/Info.plist;
				LD_RUNPATH_SEARCH_PATHS = "$(inherited) @executable_path/Frameworks";
				PRODUCT_BUNDLE_IDENTIFIER = com.apadmi.br2106.HomeSource;
				PRODUCT_NAME = "$(TARGET_NAME)";
			};
			name = Debug;
		};
		4686D80C1CC8DAE8001EC1A5 /* Release */ = {
			isa = XCBuildConfiguration;
			buildSettings = {
				ASSETCATALOG_COMPILER_APPICON_NAME = AppIcon;
				INFOPLIST_FILE = HomeSource/Info.plist;
				LD_RUNPATH_SEARCH_PATHS = "$(inherited) @executable_path/Frameworks";
				PRODUCT_BUNDLE_IDENTIFIER = com.apadmi.br2106.HomeSource;
				PRODUCT_NAME = "$(TARGET_NAME)";
			};
			name = Release;
		};
		4686D80E1CC8DAE8001EC1A5 /* Debug */ = {
			isa = XCBuildConfiguration;
			buildSettings = {
				BUNDLE_LOADER = "$(TEST_HOST)";
				INFOPLIST_FILE = HomeSourceTests/Info.plist;
				LD_RUNPATH_SEARCH_PATHS = "$(inherited) @executable_path/Frameworks @loader_path/Frameworks";
				PRODUCT_BUNDLE_IDENTIFIER = com.apadmi.br2106.HomeSourceTests;
				PRODUCT_NAME = "$(TARGET_NAME)";
				TEST_HOST = "$(BUILT_PRODUCTS_DIR)/HomeSource.app/HomeSource";
			};
			name = Debug;
		};
		4686D80F1CC8DAE8001EC1A5 /* Release */ = {
			isa = XCBuildConfiguration;
			buildSettings = {
				BUNDLE_LOADER = "$(TEST_HOST)";
				INFOPLIST_FILE = HomeSourceTests/Info.plist;
				LD_RUNPATH_SEARCH_PATHS = "$(inherited) @executable_path/Frameworks @loader_path/Frameworks";
				PRODUCT_BUNDLE_IDENTIFIER = com.apadmi.br2106.HomeSourceTests;
				PRODUCT_NAME = "$(TARGET_NAME)";
				TEST_HOST = "$(BUILT_PRODUCTS_DIR)/HomeSource.app/HomeSource";
			};
			name = Release;
		};
		4686D8111CC8DAE8001EC1A5 /* Debug */ = {
			isa = XCBuildConfiguration;
			buildSettings = {
				INFOPLIST_FILE = HomeSourceUITests/Info.plist;
				LD_RUNPATH_SEARCH_PATHS = "$(inherited) @executable_path/Frameworks @loader_path/Frameworks";
				PRODUCT_BUNDLE_IDENTIFIER = com.apadmi.br2106.HomeSourceUITests;
				PRODUCT_NAME = "$(TARGET_NAME)";
				TEST_TARGET_NAME = HomeSource;
			};
			name = Debug;
		};
		4686D8121CC8DAE8001EC1A5 /* Release */ = {
			isa = XCBuildConfiguration;
			buildSettings = {
				INFOPLIST_FILE = HomeSourceUITests/Info.plist;
				LD_RUNPATH_SEARCH_PATHS = "$(inherited) @executable_path/Frameworks @loader_path/Frameworks";
				PRODUCT_BUNDLE_IDENTIFIER = com.apadmi.br2106.HomeSourceUITests;
				PRODUCT_NAME = "$(TARGET_NAME)";
				TEST_TARGET_NAME = HomeSource;
			};
			name = Release;
		};
/* End XCBuildConfiguration section */

/* Begin XCConfigurationList section */
		4686D7DD1CC8DAE7001EC1A5 /* Build configuration list for PBXProject "HomeSource" */ = {
			isa = XCConfigurationList;
			buildConfigurations = (
				4686D8081CC8DAE8001EC1A5 /* Debug */,
				4686D8091CC8DAE8001EC1A5 /* Release */,
			);
			defaultConfigurationIsVisible = 0;
			defaultConfigurationName = Release;
		};
		4686D80A1CC8DAE8001EC1A5 /* Build configuration list for PBXNativeTarget "HomeSource" */ = {
			isa = XCConfigurationList;
			buildConfigurations = (
				4686D80B1CC8DAE8001EC1A5 /* Debug */,
				4686D80C1CC8DAE8001EC1A5 /* Release */,
			);
			defaultConfigurationIsVisible = 0;
			defaultConfigurationName = Release;
		};
		4686D80D1CC8DAE8001EC1A5 /* Build configuration list for PBXNativeTarget "HomeSourceTests" */ = {
			isa = XCConfigurationList;
			buildConfigurations = (
				4686D80E1CC8DAE8001EC1A5 /* Debug */,
				4686D80F1CC8DAE8001EC1A5 /* Release */,
			);
			defaultConfigurationIsVisible = 0;
			defaultConfigurationName = Release;
		};
		4686D8101CC8DAE8001EC1A5 /* Build configuration list for PBXNativeTarget "HomeSourceUITests" */ = {
			isa = XCConfigurationList;
			buildConfigurations = (
				4686D8111CC8DAE8001EC1A5 /* Debug */,
				4686D8121CC8DAE8001EC1A5 /* Release */,
			);
			defaultConfigurationIsVisible = 0;
			defaultConfigurationName = Release;
		};
/* End XCConfigurationList section */
	};
	rootObject = 4686D7DA1CC8DAE7001EC1A5 /* Project object */;
}
